
Microsoft Visual Studio Solution File, Format Version 12.00
# Visual Studio Version 17
VisualStudioVersion = 17.5.33414.496
MinimumVisualStudioVersion = 10.0.40219.1
Project("{8BC9CEB8-8B4A-11D0-8D11-00A0C91BC942}") = "STATICMEMBER_106", "STATICMEMBER_106\STATICMEMBER_106.vcxproj", "{D0C68261-9B97-46F6-A8D5-2350DDFF39DF}"
EndProject
Project("{8BC9CEB8-8B4A-11D0-8D11-00A0C91BC942}") = "chainfunction", "chainfunction\chainfunction.vcxproj", "{9B20C1F2-F2DD-4187-8802-ACEC70881E9C}"
EndProject
Project("{8BC9CEB8-8B4A-11D0-8D11-00A0C91BC942}") = "destruktor", "destruktor\destruktor.vcxproj", "{2605B305-F4C8-4134-83CC-C49BB375218F}"
EndProject
Project("{8BC9CEB8-8B4A-11D0-8D11-00A0C91BC942}") = "konstruktor", "konstruktor\konstruktor.vcxproj", "{9BC188A7-2F51-4040-AE31-BAEF1E99B5F7}"
EndProject
Global
	GlobalSection(SolutionConfigurationPlatforms) = preSolution
		Debug|x64 = Debug|x64
		Debug|x86 = Debug|x86
		Release|x64 = Release|x64
		Release|x86 = Release|x86
	EndGlobalSection
	GlobalSection(ProjectConfigurationPlatforms) = postSolution
		{D0C68261-9B97-46F6-A8D5-2350DDFF39DF}.Debug|x64.ActiveCfg = Debug|x64
		{D0C68261-9B97-46F6-A8D5-2350DDFF39DF}.Debug|x64.Build.0 = Debug|x64
		{D0C68261-9B97-46F6-A8D5-2350DDFF39DF}.Debug|x86.ActiveCfg = Debug|Win32
		{D0C68261-9B97-46F6-A8D5-2350DDFF39DF}.Debug|x86.Build.0 = Debug|Win32
		{D0C68261-9B97-46F6-A8D5-2350DDFF39DF}.Release|x64.ActiveCfg = Release|x64
		{D0C68261-9B97-46F6-A8D5-2350DDFF39DF}.Release|x64.Build.0 = Release|x64
		{D0C68261-9B97-46F6-A8D5-2350DDFF39DF}.Release|x86.ActiveCfg = Release|Win32
		{D0C68261-9B97-46F6-A8D5-2350DDFF39DF}.Release|x86.Build.0 = Release|Win32
		{9B20C1F2-F2DD-4187-8802-ACEC70881E9C}.Debug|x64.ActiveCfg = Debug|x64
		{9B20C1F2-F2DD-4187-8802-ACEC70881E9C}.Debug|x64.Build.0 = Debug|x64
		{9B20C1F2-F2DD-4187-8802-ACEC70881E9C}.Debug|x86.ActiveCfg = Debug|Win32
		{9B20C1F2-F2DD-4187-8802-ACEC70881E9C}.Debug|x86.Build.0 = Debug|Win32
		{9B20C1F2-F2DD-4187-8802-ACEC70881E9C}.Release|x64.ActiveCfg = Release|x64
		{9B20C1F2-F2DD-4187-8802-ACEC70881E9C}.Release|x64.Build.0 = Release|x64
		{9B20C1F2-F2DD-4187-8802-ACEC70881E9C}.Release|x86.ActiveCfg = Release|Win32
		{9B20C1F2-F2DD-4187-8802-ACEC70881E9C}.Release|x86.Build.0 = Release|Win32
		{2605B305-F4C8-4134-83CC-C49BB375218F}.Debug|x64.ActiveCfg = Debug|x64
		{2605B305-F4C8-4134-83CC-C49BB375218F}.Debug|x64.Build.0 = Debug|x64
		{2605B305-F4C8-4134-83CC-C49BB375218F}.Debug|x86.ActiveCfg = Debug|Win32
		{2605B305-F4C8-4134-83CC-C49BB375218F}.Debug|x86.Build.0 = Debug|Win32
		{2605B305-F4C8-4134-83CC-C49BB375218F}.Release|x64.ActiveCfg = Release|x64
		{2605B305-F4C8-4134-83CC-C49BB375218F}.Release|x64.Build.0 = Release|x64
		{2605B305-F4C8-4134-83CC-C49BB375218F}.Release|x86.ActiveCfg = Release|Win32
		{2605B305-F4C8-4134-83CC-C49BB375218F}.Release|x86.Build.0 = Release|Win32
		{9BC188A7-2F51-4040-AE31-BAEF1E99B5F7}.Debug|x64.ActiveCfg = Debug|x64
		{9BC188A7-2F51-4040-AE31-BAEF1E99B5F7}.Debug|x64.Build.0 = Debug|x64
		{9BC188A7-2F51-4040-AE31-BAEF1E99B5F7}.Debug|x86.ActiveCfg = Debug|Win32
		{9BC188A7-2F51-4040-AE31-BAEF1E99B5F7}.Debug|x86.Build.0 = Debug|Win32
		{9BC188A7-2F51-4040-AE31-BAEF1E99B5F7}.Release|x64.ActiveCfg = Release|x64
		{9BC188A7-2F51-4040-AE31-BAEF1E99B5F7}.Release|x64.Build.0 = Release|x64
		{9BC188A7-2F51-4040-AE31-BAEF1E99B5F7}.Release|x86.ActiveCfg = Release|Win32
		{9BC188A7-2F51-4040-AE31-BAEF1E99B5F7}.Release|x86.Build.0 = Release|Win32
	EndGlobalSection
	GlobalSection(SolutionProperties) = preSolution
		HideSolutionNode = FALSE
	EndGlobalSection
	GlobalSection(ExtensibilityGlobals) = postSolution
		SolutionGuid = {DC8E3B7F-5242-4754-A747-BE447881B2F2}
	EndGlobalSection
EndGlobal
